
Microsoft Visual Studio Solution File, Format Version 12.00
#
Project("{FAE04EC0-301F-11D3-BF4B-00C04F79EFBC}") = "CoreLib", "src\CoreLib\CoreLib.csproj", "{EF7A1F7E-17B8-4952-A679-3AEBA5D51539}"
EndProject
Project("{FAE04EC0-301F-11D3-BF4B-00C04F79EFBC}") = "CoreLib.Test", "src\CoreLib.Test\CoreLib.Test.csproj", "{C7188E1F-F54B-407E-A688-436F7D65129C}"
EndProject
Global
	GlobalSection(SolutionConfigurationPlatforms) = preSolution
		Debug|Any CPU = Debug|Any CPU
		Release|Any CPU = Release|Any CPU
	EndGlobalSection
	GlobalSection(ProjectConfigurationPlatforms) = postSolution
		{EF7A1F7E-17B8-4952-A679-3AEBA5D51539}.Debug|Any CPU.ActiveCfg = Debug|Any CPU
		{EF7A1F7E-17B8-4952-A679-3AEBA5D51539}.Debug|Any CPU.Build.0 = Debug|Any CPU
		{EF7A1F7E-17B8-4952-A679-3AEBA5D51539}.Release|Any CPU.ActiveCfg = Release|Any CPU
		{EF7A1F7E-17B8-4952-A679-3AEBA5D51539}.Release|Any CPU.Build.0 = Release|Any CPU
		{C7188E1F-F54B-407E-A688-436F7D65129C}.Debug|Any CPU.ActiveCfg = Debug|Any CPU
		{C7188E1F-F54B-407E-A688-436F7D65129C}.Debug|Any CPU.Build.0 = Debug|Any CPU
		{C7188E1F-F54B-407E-A688-436F7D65129C}.Release|Any CPU.ActiveCfg = Release|Any CPU
		{C7188E1F-F54B-407E-A688-436F7D65129C}.Release|Any CPU.Build.0 = Release|Any CPU
	EndGlobalSection
EndGlobal
